
Microsoft Visual Studio Solution File, Format Version 12.00
# Visual Studio Version 16
VisualStudioVersion = 25.0.1706.14
MinimumVisualStudioVersion = 10.0.40219.1
Project("{FAE04EC0-301F-11D3-BF4B-00C04F79EFBC}") = "Course.DataAccess", "Course.DataAccess\Course.DataAccess.csproj", "{9806F4A6-3A8C-45E7-808F-D42590BA17B6}"
EndProject
Project("{FAE04EC0-301F-11D3-BF4B-00C04F79EFBC}") = "Course.Business", "Course.Business\Course.Business.csproj", "{C5001F68-29D1-45DD-BB3B-C15508DD5BD1}"
EndProject
Project("{FAE04EC0-301F-11D3-BF4B-00C04F79EFBC}") = "Course.Entities", "Course.Entities\Course.Entities.csproj", "{70FD203E-7214-440F-BB8F-60B1CBA5E04B}"
EndProject
Project("{FAE04EC0-301F-11D3-BF4B-00C04F79EFBC}") = "Course.Core", "Course.Core\Course.Core.csproj", "{E2B87239-F914-415B-94A5-9D616806CE8D}"
EndProject
Project("{FAE04EC0-301F-11D3-BF4B-00C04F79EFBC}") = "Course.API", "Course.API\Course.API.csproj", "{07DEE57D-1EE5-47B6-8372-D1274C07A4B4}"
EndProject
Global
	GlobalSection(SolutionConfigurationPlatforms) = preSolution
		Debug|Any CPU = Debug|Any CPU
		Release|Any CPU = Release|Any CPU
	EndGlobalSection
	GlobalSection(ProjectConfigurationPlatforms) = postSolution
		{9806F4A6-3A8C-45E7-808F-D42590BA17B6}.Debug|Any CPU.ActiveCfg = Debug|Any CPU
		{9806F4A6-3A8C-45E7-808F-D42590BA17B6}.Debug|Any CPU.Build.0 = Debug|Any CPU
		{9806F4A6-3A8C-45E7-808F-D42590BA17B6}.Release|Any CPU.ActiveCfg = Release|Any CPU
		{9806F4A6-3A8C-45E7-808F-D42590BA17B6}.Release|Any CPU.Build.0 = Release|Any CPU
		{C5001F68-29D1-45DD-BB3B-C15508DD5BD1}.Debug|Any CPU.ActiveCfg = Debug|Any CPU
		{C5001F68-29D1-45DD-BB3B-C15508DD5BD1}.Debug|Any CPU.Build.0 = Debug|Any CPU
		{C5001F68-29D1-45DD-BB3B-C15508DD5BD1}.Release|Any CPU.ActiveCfg = Release|Any CPU
		{C5001F68-29D1-45DD-BB3B-C15508DD5BD1}.Release|Any CPU.Build.0 = Release|Any CPU
		{70FD203E-7214-440F-BB8F-60B1CBA5E04B}.Debug|Any CPU.ActiveCfg = Debug|Any CPU
		{70FD203E-7214-440F-BB8F-60B1CBA5E04B}.Debug|Any CPU.Build.0 = Debug|Any CPU
		{70FD203E-7214-440F-BB8F-60B1CBA5E04B}.Release|Any CPU.ActiveCfg = Release|Any CPU
		{70FD203E-7214-440F-BB8F-60B1CBA5E04B}.Release|Any CPU.Build.0 = Release|Any CPU
		{E2B87239-F914-415B-94A5-9D616806CE8D}.Debug|Any CPU.ActiveCfg = Debug|Any CPU
		{E2B87239-F914-415B-94A5-9D616806CE8D}.Debug|Any CPU.Build.0 = Debug|Any CPU
		{E2B87239-F914-415B-94A5-9D616806CE8D}.Release|Any CPU.ActiveCfg = Release|Any CPU
		{E2B87239-F914-415B-94A5-9D616806CE8D}.Release|Any CPU.Build.0 = Release|Any CPU
		{07DEE57D-1EE5-47B6-8372-D1274C07A4B4}.Debug|Any CPU.ActiveCfg = Debug|Any CPU
		{07DEE57D-1EE5-47B6-8372-D1274C07A4B4}.Debug|Any CPU.Build.0 = Debug|Any CPU
		{07DEE57D-1EE5-47B6-8372-D1274C07A4B4}.Release|Any CPU.ActiveCfg = Release|Any CPU
		{07DEE57D-1EE5-47B6-8372-D1274C07A4B4}.Release|Any CPU.Build.0 = Release|Any CPU
	EndGlobalSection
	GlobalSection(SolutionProperties) = preSolution
		HideSolutionNode = FALSE
	EndGlobalSection
	GlobalSection(ExtensibilityGlobals) = postSolution
		SolutionGuid = {7146C4CD-23FB-4FCB-8FFA-983D53A5E6CC}
	EndGlobalSection
EndGlobal
